// !$*UTF8*$!
{
	archiveVersion = 1;
	classes = {
	};
	objectVersion = 50;
	objects = {

/* Begin PBXBuildFile section */
		9CABE40A21354D5C00FB9214 /* AppDelegate.m in Sources */ = {isa = PBXBuildFile; fileRef = 9CABE40921354D5C00FB9214 /* AppDelegate.m */; };
		9CABE40D21354D5C00FB9214 /* ViewController.m in Sources */ = {isa = PBXBuildFile; fileRef = 9CABE40C21354D5C00FB9214 /* ViewController.m */; };
		9CABE41021354D5C00FB9214 /* Main.storyboard in Resources */ = {isa = PBXBuildFile; fileRef = 9CABE40E21354D5C00FB9214 /* Main.storyboard */; };
		9CABE41221354D5E00FB9214 /* Assets.xcassets in Resources */ = {isa = PBXBuildFile; fileRef = 9CABE41121354D5E00FB9214 /* Assets.xcassets */; };
		9CABE41521354D5E00FB9214 /* LaunchScreen.storyboard in Resources */ = {isa = PBXBuildFile; fileRef = 9CABE41321354D5E00FB9214 /* LaunchScreen.storyboard */; };
		9CABE41821354D5E00FB9214 /* main.m in Sources */ = {isa = PBXBuildFile; fileRef = 9CABE41721354D5E00FB9214 /* main.m */; };
		9CABE42521354DB600FB9214 /* 3市政配套1.png in Resources */ = {isa = PBXBuildFile; fileRef = 9CABE41F21354DB600FB9214 /* 3市政配套1.png */; };
		9CABE42621354DB600FB9214 /* 2 生活配套-on.png in Resources */ = {isa = PBXBuildFile; fileRef = 9CABE42021354DB600FB9214 /* 2 生活配套-on.png */; };
		9CABE42721354DB600FB9214 /* 1 教育配套-on.png in Resources */ = {isa = PBXBuildFile; fileRef = 9CABE42121354DB600FB9214 /* 1 教育配套-on.png */; };
		9CABE42821354DB600FB9214 /* 1 教育配套.png in Resources */ = {isa = PBXBuildFile; fileRef = 9CABE42221354DB600FB9214 /* 1 教育配套.png */; };
		9CABE42921354DB600FB9214 /* 3市政配套2.png in Resources */ = {isa = PBXBuildFile; fileRef = 9CABE42321354DB600FB9214 /* 3市政配套2.png */; };
		9CABE42A21354DB600FB9214 /* 2 生活配套.png in Resources */ = {isa = PBXBuildFile; fileRef = 9CABE42421354DB600FB9214 /* 2 生活配套.png */; };
		9CABE43121354F9900FB9214 /* icon_pull_animation_4.png in Resources */ = {isa = PBXBuildFile; fileRef = 9CABE42C21354F9900FB9214 /* icon_pull_animation_4.png */; };
		9CABE43221354F9900FB9214 /* icon_pull_animation_5.png in Resources */ = {isa = PBXBuildFile; fileRef = 9CABE42D21354F9900FB9214 /* icon_pull_animation_5.png */; };
		9CABE43321354F9900FB9214 /* icon_pull_animation_1.png in Resources */ = {isa = PBXBuildFile; fileRef = 9CABE42E21354F9900FB9214 /* icon_pull_animation_1.png */; };
		9CABE43421354F9900FB9214 /* icon_pull_animation_2.png in Resources */ = {isa = PBXBuildFile; fileRef = 9CABE42F21354F9900FB9214 /* icon_pull_animation_2.png */; };
		9CABE43521354F9900FB9214 /* icon_pull_animation_3.png in Resources */ = {isa = PBXBuildFile; fileRef = 9CABE43021354F9900FB9214 /* icon_pull_animation_3.png */; };
/* End PBXBuildFile section */

/* Begin PBXFileReference section */
		9CABE40521354D5C00FB9214 /* ImageAnimationTest.app */ = {isa = PBXFileReference; explicitFileType = wrapper.application; includeInIndex = 0; path = ImageAnimationTest.app; sourceTree = BUILT_PRODUCTS_DIR; };
		9CABE40821354D5C00FB9214 /* AppDelegate.h */ = {isa = PBXFileReference; lastKnownFileType = sourcecode.c.h; path = AppDelegate.h; sourceTree = "<group>"; };
		9CABE40921354D5C00FB9214 /* AppDelegate.m */ = {isa = PBXFileReference; lastKnownFileType = sourcecode.c.objc; path = AppDelegate.m; sourceTree = "<group>"; };
		9CABE40B21354D5C00FB9214 /* ViewController.h */ = {isa = PBXFileReference; lastKnownFileType = sourcecode.c.h; path = ViewController.h; sourceTree = "<group>"; };
		9CABE40C21354D5C00FB9214 /* ViewController.m */ = {isa = PBXFileReference; lastKnownFileType = sourcecode.c.objc; path = ViewController.m; sourceTree = "<group>"; };
		9CABE40F21354D5C00FB9214 /* Base */ = {isa = PBXFileReference; lastKnownFileType = file.storyboard; name = Base; path = Base.lproj/Main.storyboard; sourceTree = "<group>"; };
		9CABE41121354D5E00FB9214 /* Assets.xcassets */ = {isa = PBXFileReference; lastKnownFileType = folder.assetcatalog; path = Assets.xcassets; sourceTree = "<group>"; };
		9CABE41421354D5E00FB9214 /* Base */ = {isa = PBXFileReference; lastKnownFileType = file.storyboard; name = Base; path = Base.lproj/LaunchScreen.storyboard; sourceTree = "<group>"; };
		9CABE41621354D5E00FB9214 /* Info.plist */ = {isa = PBXFileReference; lastKnownFileType = text.plist.xml; path = Info.plist; sourceTree = "<group>"; };
		9CABE41721354D5E00FB9214 /* main.m */ = {isa = PBXFileReference; lastKnownFileType = sourcecode.c.objc; path = main.m; sourceTree = "<group>"; };
		9CABE41F21354DB600FB9214 /* 3市政配套1.png */ = {isa = PBXFileReference; lastKnownFileType = image.png; path = "3市政配套1.png"; sourceTree = "<group>"; };
		9CABE42021354DB600FB9214 /* 2 生活配套-on.png */ = {isa = PBXFileReference; lastKnownFileType = image.png; path = "2 生活配套-on.png"; sourceTree = "<group>"; };
		9CABE42121354DB600FB9214 /* 1 教育配套-on.png */ = {isa = PBXFileReference; lastKnownFileType = image.png; path = "1 教育配套-on.png"; sourceTree = "<group>"; };
		9CABE42221354DB600FB9214 /* 1 教育配套.png */ = {isa = PBXFileReference; lastKnownFileType = image.png; path = "1 教育配套.png"; sourceTree = "<group>"; };
		9CABE42321354DB600FB9214 /* 3市政配套2.png */ = {isa = PBXFileReference; lastKnownFileType = image.png; path = "3市政配套2.png"; sourceTree = "<group>"; };
		9CABE42421354DB600FB9214 /* 2 生活配套.png */ = {isa = PBXFileReference; lastKnownFileType = image.png; path = "2 生活配套.png"; sourceTree = "<group>"; };
		9CABE42C21354F9900FB9214 /* icon_pull_animation_4.png */ = {isa = PBXFileReference; lastKnownFileType = image.png; path = icon_pull_animation_4.png; sourceTree = "<group>"; };
		9CABE42D21354F9900FB9214 /* icon_pull_animation_5.png */ = {isa = PBXFileReference; lastKnownFileType = image.png; path = icon_pull_animation_5.png; sourceTree = "<group>"; };
		9CABE42E21354F9900FB9214 /* icon_pull_animation_1.png */ = {isa = PBXFileReference; lastKnownFileType = image.png; path = icon_pull_animation_1.png; sourceTree = "<group>"; };
		9CABE42F21354F9900FB9214 /* icon_pull_animation_2.png */ = {isa = PBXFileReference; lastKnownFileType = image.png; path = icon_pull_animation_2.png; sourceTree = "<group>"; };
		9CABE43021354F9900FB9214 /* icon_pull_animation_3.png */ = {isa = PBXFileReference; lastKnownFileType = image.png; path = icon_pull_animation_3.png; sourceTree = "<group>"; };
/* End PBXFileReference section */

/* Begin PBXFrameworksBuildPhase section */
		9CABE40221354D5C00FB9214 /* Frameworks */ = {
			isa = PBXFrameworksBuildPhase;
			buildActionMask = 2147483647;
			files = (
			);
			runOnlyForDeploymentPostprocessing = 0;
		};
/* End PBXFrameworksBuildPhase section */

/* Begin PBXGroup section */
		9CABE3FC21354D5C00FB9214 = {
			isa = PBXGroup;
			children = (
				9CABE40721354D5C00FB9214 /* ImageAnimationTest */,
				9CABE40621354D5C00FB9214 /* Products */,
			);
			sourceTree = "<group>";
		};
		9CABE40621354D5C00FB9214 /* Products */ = {
			isa = PBXGroup;
			children = (
				9CABE40521354D5C00FB9214 /* ImageAnimationTest.app */,
			);
			name = Products;
			sourceTree = "<group>";
		};
		9CABE40721354D5C00FB9214 /* ImageAnimationTest */ = {
			isa = PBXGroup;
			children = (
				9CABE40821354D5C00FB9214 /* AppDelegate.h */,
				9CABE40921354D5C00FB9214 /* AppDelegate.m */,
				9CABE40B21354D5C00FB9214 /* ViewController.h */,
				9CABE40C21354D5C00FB9214 /* ViewController.m */,
				9CABE41E21354DB600FB9214 /* 0子菜单 */,
				9CABE42B21354F9900FB9214 /* first */,
				9CABE40E21354D5C00FB9214 /* Main.storyboard */,
				9CABE41121354D5E00FB9214 /* Assets.xcassets */,
				9CABE41321354D5E00FB9214 /* LaunchScreen.storyboard */,
				9CABE41621354D5E00FB9214 /* Info.plist */,
				9CABE41721354D5E00FB9214 /* main.m */,
			);
			path = ImageAnimationTest;
			sourceTree = "<group>";
		};
		9CABE41E21354DB600FB9214 /* 0子菜单 */ = {
			isa = PBXGroup;
			children = (
				9CABE41F21354DB600FB9214 /* 3市政配套1.png */,
				9CABE42021354DB600FB9214 /* 2 生活配套-on.png */,
				9CABE42121354DB600FB9214 /* 1 教育配套-on.png */,
				9CABE42221354DB600FB9214 /* 1 教育配套.png */,
				9CABE42321354DB600FB9214 /* 3市政配套2.png */,
				9CABE42421354DB600FB9214 /* 2 生活配套.png */,
			);
			path = "0子菜单";
			sourceTree = "<group>";
		};
		9CABE42B21354F9900FB9214 /* first */ = {
			isa = PBXGroup;
			children = (
				9CABE42C21354F9900FB9214 /* icon_pull_animation_4.png */,
				9CABE42D21354F9900FB9214 /* icon_pull_animation_5.png */,
				9CABE42E21354F9900FB9214 /* icon_pull_animation_1.png */,
				9CABE42F21354F9900FB9214 /* icon_pull_animation_2.png */,
				9CABE43021354F9900FB9214 /* icon_pull_animation_3.png */,
			);
			path = first;
			sourceTree = "<group>";
		};
/* End PBXGroup section */

/* Begin PBXNativeTarget section */
		9CABE40421354D5C00FB9214 /* ImageAnimationTest */ = {
			isa = PBXNativeTarget;
			buildConfigurationList = 9CABE41B21354D5E00FB9214 /* Build configuration list for PBXNativeTarget "ImageAnimationTest" */;
			buildPhases = (
				9CABE40121354D5C00FB9214 /* Sources */,
				9CABE40221354D5C00FB9214 /* Frameworks */,
				9CABE40321354D5C00FB9214 /* Resources */,
			);
			buildRules = (
			);
			dependencies = (
			);
			name = ImageAnimationTest;
			productName = ImageAnimationTest;
			productReference = 9CABE40521354D5C00FB9214 /* ImageAnimationTest.app */;
			productType = "com.apple.product-type.application";
		};
/* End PBXNativeTarget section */

/* Begin PBXProject section */
		9CABE3FD21354D5C00FB9214 /* Project object */ = {
			isa = PBXProject;
			attributes = {
				LastUpgradeCheck = 0940;
				ORGANIZATIONNAME = com.justsee;
				TargetAttributes = {
					9CABE40421354D5C00FB9214 = {
						CreatedOnToolsVersion = 9.4.1;
					};
				};
			};
			buildConfigurationList = 9CABE40021354D5C00FB9214 /* Build configuration list for PBXProject "ImageAnimationTest" */;
			compatibilityVersion = "Xcode 9.3";
			developmentRegion = en;
			hasScannedForEncodings = 0;
			knownRegions = (
				en,
				Base,
			);
			mainGroup = 9CABE3FC21354D5C00FB9214;
			productRefGroup = 9CABE40621354D5C00FB9214 /* Products */;
			projectDirPath = "";
			projectRoot = "";
			targets = (
				9CABE40421354D5C00FB9214 /* ImageAnimationTest */,
			);
		};
/* End PBXProject section */

/* Begin PBXResourcesBuildPhase section */
		9CABE40321354D5C00FB9214 /* Resources */ = {
			isa = PBXResourcesBuildPhase;
			buildActionMask = 2147483647;
			files = (
				9CABE43321354F9900FB9214 /* icon_pull_animation_1.png in Resources */,
				9CABE42721354DB600FB9214 /* 1 教育配套-on.png in Resources */,
				9CABE43421354F9900FB9214 /* icon_pull_animation_2.png in Resources */,
				9CABE42821354DB600FB9214 /* 1 教育配套.png in Resources */,
				9CABE43521354F9900FB9214 /* icon_pull_animation_3.png in Resources */,
				9CABE42921354DB600FB9214 /* 3市政配套2.png in Resources */,
				9CABE43221354F9900FB9214 /* icon_pull_animation_5.png in Resources */,
				9CABE42621354DB600FB9214 /* 2 生活配套-on.png in Resources */,
				9CABE41521354D5E00FB9214 /* LaunchScreen.storyboard in Resources */,
				9CABE43121354F9900FB9214 /* icon_pull_animation_4.png in Resources */,
				9CABE42521354DB600FB9214 /* 3市政配套1.png in Resources */,
				9CABE42A21354DB600FB9214 /* 2 生活配套.png in Resources */,
				9CABE41221354D5E00FB9214 /* Assets.xcassets in Resources */,
				9CABE41021354D5C00FB9214 /* Main.storyboard in Resources */,
			);
			runOnlyForDeploymentPostprocessing = 0;
		};
/* End PBXResourcesBuildPhase section */

/* Begin PBXSourcesBuildPhase section */
		9CABE40121354D5C00FB9214 /* Sources */ = {
			isa = PBXSourcesBuildPhase;
			buildActionMask = 2147483647;
			files = (
				9CABE40D21354D5C00FB9214 /* ViewController.m in Sources */,
				9CABE41821354D5E00FB9214 /* main.m in Sources */,
				9CABE40A21354D5C00FB9214 /* AppDelegate.m in Sources */,
			);
			runOnlyForDeploymentPostprocessing = 0;
		};
/* End PBXSourcesBuildPhase section */

/* Begin PBXVariantGroup section */
		9CABE40E21354D5C00FB9214 /* Main.storyboard */ = {
			isa = PBXVariantGroup;
			children = (
				9CABE40F21354D5C00FB9214 /* Base */,
			);
			name = Main.storyboard;
			sourceTree = "<group>";
		};
		9CABE41321354D5E00FB9214 /* LaunchScreen.storyboard */ = {
			isa = PBXVariantGroup;
			children = (
				9CABE41421354D5E00FB9214 /* Base */,
			);
			name = LaunchScreen.storyboard;
			sourceTree = "<group>";
		};
/* End PBXVariantGroup section */

/* Begin XCBuildConfiguration section */
		9CABE41921354D5E00FB9214 /* Debug */ = {
			isa = XCBuildConfiguration;
			buildSettings = {
				ALWAYS_SEARCH_USER_PATHS = NO;
				CLANG_ANALYZER_NONNULL = YES;
				CLANG_ANALYZER_NUMBER_OBJECT_CONVERSION = YES_AGGRESSIVE;
				CLANG_CXX_LANGUAGE_STANDARD = "gnu++14";
				CLANG_CXX_LIBRARY = "libc++";
				CLANG_ENABLE_MODULES = YES;
				CLANG_ENABLE_OBJC_ARC = YES;
				CLANG_ENABLE_OBJC_WEAK = YES;
				CLANG_WARN_BLOCK_CAPTURE_AUTORELEASING = YES;
				CLANG_WARN_BOOL_CONVERSION = YES;
				CLANG_WARN_COMMA = YES;
				CLANG_WARN_CONSTANT_CONVERSION = YES;
				CLANG_WARN_DEPRECATED_OBJC_IMPLEMENTATIONS = YES;
				CLANG_WARN_DIRECT_OBJC_ISA_USAGE = YES_ERROR;
				CLANG_WARN_DOCUMENTATION_COMMENTS = YES;
				CLANG_WARN_EMPTY_BODY = YES;
				CLANG_WARN_ENUM_CONVERSION = YES;
				CLANG_WARN_INFINITE_RECURSION = YES;
				CLANG_WARN_INT_CONVERSION = YES;
				CLANG_WARN_NON_LITERAL_NULL_CONVERSION = YES;
				CLANG_WARN_OBJC_IMPLICIT_RETAIN_SELF = YES;
				CLANG_WARN_OBJC_LITERAL_CONVERSION = YES;
				CLANG_WARN_OBJC_ROOT_CLASS = YES_ERROR;
				CLANG_WARN_RANGE_LOOP_ANALYSIS = YES;
				CLANG_WARN_STRICT_PROTOTYPES = YES;
				CLANG_WARN_SUSPICIOUS_MOVE = YES;
				CLANG_WARN_UNGUARDED_AVAILABILITY = YES_AGGRESSIVE;
				CLANG_WARN_UNREACHABLE_CODE = YES;
				CLANG_WARN__DUPLICATE_METHOD_MATCH = YES;
				CODE_SIGN_IDENTITY = "iPhone Developer";
				COPY_PHASE_STRIP = NO;
				DEBUG_INFORMATION_FORMAT = dwarf;
				ENABLE_STRICT_OBJC_MSGSEND = YES;
				ENABLE_TESTABILITY = YES;
				GCC_C_LANGUAGE_STANDARD = gnu11;
				GCC_DYNAMIC_NO_PIC = NO;
				GCC_NO_COMMON_BLOCKS = YES;
				GCC_OPTIMIZATION_LEVEL = 0;
				GCC_PREPROCESSOR_DEFINITIONS = (
					"DEBUG=1",
					"$(inherited)",
				);
				GCC_WARN_64_TO_32_BIT_CONVERSION = YES;
				GCC_WARN_ABOUT_RETURN_TYPE = YES_ERROR;
				GCC_WARN_UNDECLARED_SELECTOR = YES;
				GCC_WARN_UNINITIALIZED_AUTOS = YES_AGGRESSIVE;
				GCC_WARN_UNUSED_FUNCTION = YES;
				GCC_WARN_UNUSED_VARIABLE = YES;
				IPHONEOS_DEPLOYMENT_TARGET = 11.4;
				MTL_ENABLE_DEBUG_INFO = YES;
				ONLY_ACTIVE_ARCH = YES;
				SDKROOT = iphoneos;
			};
			name = Debug;
		};
		9CABE41A21354D5E00FB9214 /* Release */ = {
			isa = XCBuildConfiguration;
			buildSettings = {
				ALWAYS_SEARCH_USER_PATHS = NO;
				CLANG_ANALYZER_NONNULL = YES;
				CLANG_ANALYZER_NUMBER_OBJECT_CONVERSION = YES_AGGRESSIVE;
				CLANG_CXX_LANGUAGE_STANDARD = "gnu++14";
				CLANG_CXX_LIBRARY = "libc++";
				CLANG_ENABLE_MODULES = YES;
				CLANG_ENABLE_OBJC_ARC = YES;
				CLANG_ENABLE_OBJC_WEAK = YES;
				CLANG_WARN_BLOCK_CAPTURE_AUTORELEASING = YES;
				CLANG_WARN_BOOL_CONVERSION = YES;
				CLANG_WARN_COMMA = YES;
				CLANG_WARN_CONSTANT_CONVERSION = YES;
				CLANG_WARN_DEPRECATED_OBJC_IMPLEMENTATIONS = YES;
				CLANG_WARN_DIRECT_OBJC_ISA_USAGE = YES_ERROR;
				CLANG_WARN_DOCUMENTATION_COMMENTS = YES;
				CLANG_WARN_EMPTY_BODY = YES;
				CLANG_WARN_ENUM_CONVERSION = YES;
				CLANG_WARN_INFINITE_RECURSION = YES;
				CLANG_WARN_INT_CONVERSION = YES;
				CLANG_WARN_NON_LITERAL_NULL_CONVERSION = YES;
				CLANG_WARN_OBJC_IMPLICIT_RETAIN_SELF = YES;
				CLANG_WARN_OBJC_LITERAL_CONVERSION = YES;
				CLANG_WARN_OBJC_ROOT_CLASS = YES_ERROR;
				CLANG_WARN_RANGE_LOOP_ANALYSIS = YES;
				CLANG_WARN_STRICT_PROTOTYPES = YES;
				CLANG_WARN_SUSPICIOUS_MOVE = YES;
				CLANG_WARN_UNGUARDED_AVAILABILITY = YES_AGGRESSIVE;
				CLANG_WARN_UNREACHABLE_CODE = YES;
				CLANG_WARN__DUPLICATE_METHOD_MATCH = YES;
				CODE_SIGN_IDENTITY = "iPhone Developer";
				COPY_PHASE_STRIP = NO;
				DEBUG_INFORMATION_FORMAT = "dwarf-with-dsym";
				ENABLE_NS_ASSERTIONS = NO;
				ENABLE_STRICT_OBJC_MSGSEND = YES;
				GCC_C_LANGUAGE_STANDARD = gnu11;
				GCC_NO_COMMON_BLOCKS = YES;
				GCC_WARN_64_TO_32_BIT_CONVERSION = YES;
				GCC_WARN_ABOUT_RETURN_TYPE = YES_ERROR;
				GCC_WARN_UNDECLARED_SELECTOR = YES;
				GCC_WARN_UNINITIALIZED_AUTOS = YES_AGGRESSIVE;
				GCC_WARN_UNUSED_FUNCTION = YES;
				GCC_WARN_UNUSED_VARIABLE = YES;
				IPHONEOS_DEPLOYMENT_TARGET = 11.4;
				MTL_ENABLE_DEBUG_INFO = NO;
				SDKROOT = iphoneos;
				VALIDATE_PRODUCT = YES;
			};
			name = Release;
		};
		9CABE41C21354D5E00FB9214 /* Debug */ = {
			isa = XCBuildConfiguration;
			buildSettings = {
				ASSETCATALOG_COMPILER_APPICON_NAME = AppIcon;
				CODE_SIGN_STYLE = Automatic;
				INFOPLIST_FILE = ImageAnimationTest/Info.plist;
				LD_RUNPATH_SEARCH_PATHS = (
					"$(inherited)",
					"@executable_path/Frameworks",
				);
				PRODUCT_BUNDLE_IDENTIFIER = com.justsee.ImageAnimationTest;
				PRODUCT_NAME = "$(TARGET_NAME)";
				TARGETED_DEVICE_FAMILY = "1,2";
			};
			name = Debug;
		};
		9CABE41D21354D5E00FB9214 /* Release */ = {
			isa = XCBuildConfiguration;
			buildSettings = {
				ASSETCATALOG_COMPILER_APPICON_NAME = AppIcon;
				CODE_SIGN_STYLE = Automatic;
				INFOPLIST_FILE = ImageAnimationTest/Info.plist;
				LD_RUNPATH_SEARCH_PATHS = (
					"$(inherited)",
					"@executable_path/Frameworks",
				);
				PRODUCT_BUNDLE_IDENTIFIER = com.justsee.ImageAnimationTest;
				PRODUCT_NAME = "$(TARGET_NAME)";
				TARGETED_DEVICE_FAMILY = "1,2";
			};
			name = Release;
		};
/* End XCBuildConfiguration section */

/* Begin XCConfigurationList section */
		9CABE40021354D5C00FB9214 /* Build configuration list for PBXProject "ImageAnimationTest" */ = {
			isa = XCConfigurationList;
			buildConfigurations = (
				9CABE41921354D5E00FB9214 /* Debug */,
				9CABE41A21354D5E00FB9214 /* Release */,
			);
			defaultConfigurationIsVisible = 0;
			defaultConfigurationName = Release;
		};
		9CABE41B21354D5E00FB9214 /* Build configuration list for PBXNativeTarget "ImageAnimationTest" */ = {
			isa = XCConfigurationList;
			buildConfigurations = (
				9CABE41C21354D5E00FB9214 /* Debug */,
				9CABE41D21354D5E00FB9214 /* Release */,
			);
			defaultConfigurationIsVisible = 0;
			defaultConfigurationName = Release;
		};
/* End XCConfigurationList section */
	};
	rootObject = 9CABE3FD21354D5C00FB9214 /* Project object */;
}
